
Microsoft Visual Studio Solution File, Format Version 12.00
# Visual Studio 2012
Project("{FAE04EC0-301F-11D3-BF4B-00C04F79EFBC}") = "CleanArchitecture", "CleanArchitecture\CleanArchitecture.csproj", "{56D68F1D-4D29-4288-9610-E7F6C07BFAD6}"
EndProject
Project("{FAE04EC0-301F-11D3-BF4B-00C04F79EFBC}") = "Entities", "Entities\Entities.csproj", "{810DD274-5639-4F7B-A9CF-09DF14B47BC3}"
EndProject
Global
	GlobalSection(SolutionConfigurationPlatforms) = preSolution
		Debug|Any CPU = Debug|Any CPU
		Release|Any CPU = Release|Any CPU
	EndGlobalSection
	GlobalSection(ProjectConfigurationPlatforms) = postSolution
		{56D68F1D-4D29-4288-9610-E7F6C07BFAD6}.Debug|Any CPU.ActiveCfg = Debug|Any CPU
		{56D68F1D-4D29-4288-9610-E7F6C07BFAD6}.Debug|Any CPU.Build.0 = Debug|Any CPU
		{56D68F1D-4D29-4288-9610-E7F6C07BFAD6}.Release|Any CPU.ActiveCfg = Release|Any CPU
		{56D68F1D-4D29-4288-9610-E7F6C07BFAD6}.Release|Any CPU.Build.0 = Release|Any CPU
		{810DD274-5639-4F7B-A9CF-09DF14B47BC3}.Debug|Any CPU.ActiveCfg = Debug|Any CPU
		{810DD274-5639-4F7B-A9CF-09DF14B47BC3}.Debug|Any CPU.Build.0 = Debug|Any CPU
		{810DD274-5639-4F7B-A9CF-09DF14B47BC3}.Release|Any CPU.ActiveCfg = Release|Any CPU
		{810DD274-5639-4F7B-A9CF-09DF14B47BC3}.Release|Any CPU.Build.0 = Release|Any CPU
	EndGlobalSection
	GlobalSection(SolutionProperties) = preSolution
		HideSolutionNode = FALSE
	EndGlobalSection
EndGlobal
