
Microsoft Visual Studio Solution File, Format Version 12.00
# Visual Studio 2012
Project("{FAE04EC0-301F-11D3-BF4B-00C04F79EFBC}") = "ClientApplication", "ClientApplication\ClientApplication.csproj", "{045190A1-8184-4A1B-A8FA-CD98BE41E1E9}"
EndProject
Project("{FAE04EC0-301F-11D3-BF4B-00C04F79EFBC}") = "Base", "Base\Base.csproj", "{2DF71A18-953B-4126-B0F2-7D001C465CE8}"
EndProject
Project("{FAE04EC0-301F-11D3-BF4B-00C04F79EFBC}") = "ExportPlugin", "ExportPlugin\ExportPlugin.csproj", "{77C614CF-751B-4B1E-8F5E-0CA54A315AC1}"
EndProject
Global
	GlobalSection(SolutionConfigurationPlatforms) = preSolution
		Debug|Any CPU = Debug|Any CPU
		Release|Any CPU = Release|Any CPU
	EndGlobalSection
	GlobalSection(ProjectConfigurationPlatforms) = postSolution
		{045190A1-8184-4A1B-A8FA-CD98BE41E1E9}.Debug|Any CPU.ActiveCfg = Debug|Any CPU
		{045190A1-8184-4A1B-A8FA-CD98BE41E1E9}.Debug|Any CPU.Build.0 = Debug|Any CPU
		{045190A1-8184-4A1B-A8FA-CD98BE41E1E9}.Release|Any CPU.ActiveCfg = Release|Any CPU
		{045190A1-8184-4A1B-A8FA-CD98BE41E1E9}.Release|Any CPU.Build.0 = Release|Any CPU
		{2DF71A18-953B-4126-B0F2-7D001C465CE8}.Debug|Any CPU.ActiveCfg = Debug|Any CPU
		{2DF71A18-953B-4126-B0F2-7D001C465CE8}.Debug|Any CPU.Build.0 = Debug|Any CPU
		{2DF71A18-953B-4126-B0F2-7D001C465CE8}.Release|Any CPU.ActiveCfg = Release|Any CPU
		{2DF71A18-953B-4126-B0F2-7D001C465CE8}.Release|Any CPU.Build.0 = Release|Any CPU
		{77C614CF-751B-4B1E-8F5E-0CA54A315AC1}.Debug|Any CPU.ActiveCfg = Debug|Any CPU
		{77C614CF-751B-4B1E-8F5E-0CA54A315AC1}.Debug|Any CPU.Build.0 = Debug|Any CPU
		{77C614CF-751B-4B1E-8F5E-0CA54A315AC1}.Release|Any CPU.ActiveCfg = Release|Any CPU
		{77C614CF-751B-4B1E-8F5E-0CA54A315AC1}.Release|Any CPU.Build.0 = Release|Any CPU
	EndGlobalSection
	GlobalSection(SolutionProperties) = preSolution
		HideSolutionNode = FALSE
	EndGlobalSection
EndGlobal
